# flow-prompts.lock — SHA-256 baseline for synced FLOW prompts
# Ref: HEAD | format: <sha256hex>  <rel_path> (sha256sum-compatible)

052f7a75691b2eb29c70d12bf2f0ccf39b5d93d72aa8c240191a575e9687ea8e  skills/seo-flow/references/bibliography.md
232a949e1908b35251a9bf2b36aaca355a5b3b4840d5760fe64871aea51973e4  skills/seo-flow/references/flow-framework.md
e38e41ce5d284e2e5c73e30b941294686ab4b3ab8d68fc2fd20eecfdc83d3858  skills/seo-flow/references/prompts/README.md
2b2ce6943399f2fbc784b4fd1b83a3cf9b4fa7949bc3013c205eb83c0b504ac6  skills/seo-flow/references/prompts/find/content-planning-for-topical-relevance-prompt.md
2f47cf2d7f6c799682705d0ee440938982c5b780377d85c149ecfab5915564fb  skills/seo-flow/references/prompts/find/content-prioritization-prompt.md
b9ae5712e78c55803dd6fa9c2ea111c2538a8a3b6391188312d4a1cf6f733bd7  skills/seo-flow/references/prompts/find/keyword-research-prompt.md
a633804e8b0e931aa12b5044dc0d4836f4f9ff6e10b531b9c94875fda9dc1792  skills/seo-flow/references/prompts/find/keyword-variations-for-topical-relevance-prompt.md
1901974d5eac5a641aa17f3c5b9ba3745f24e81f8cc5ba5008f08769960f312f  skills/seo-flow/references/prompts/find/prompt-audience-avatar.md
2463c46fa13043642dea91519a20853060487dcf8aec545dd96a975bf7460fe9  skills/seo-flow/references/prompts/leverage/backlink-competition-prompt.md
90d5b3aa3ba334b77d39275e2066fb5fcc4458d9f1e4a8f16da1242b04d8173b  skills/seo-flow/references/prompts/local/ai-homepage-rewrite-prompt.md
54b696ae8121f20359e3a330de000b2d2cc036c66bd88582a6eab6cef057b76c  skills/seo-flow/references/prompts/local/claude-deep-research-prompt.md
5e69f41031dd5fab13f62448d2e2117aed0bad5fd81f32a899910638b6871740  skills/seo-flow/references/prompts/local/gbp-categories-prompt.md
a20764235190c60102bee2d1932185ed5808160710c924546ade4dfbbf601d5b  skills/seo-flow/references/prompts/local/gbp-description-claude-prompt-1.md
e64d5d0728d1c90af3129a1aeb0e847ae7d7738fb4170fc4dbce1b8b0a42b0b2  skills/seo-flow/references/prompts/local/gbp-description-claude-prompt-2.md
9e991218186a124fd538197c4562fd003d84a313926d29a5183a3eafb33c5d1e  skills/seo-flow/references/prompts/local/gbp-description-claude-prompt-3.md
1e9a62b0d1b4803e9295ee0806466e8377cd2f281b8d9a8977cca3d46542662f  skills/seo-flow/references/prompts/local/gbp-services-prompt.md
6b0b008627d772874296ab0c92b1ac1ad241e9751d4427545ef19f6b5de4e2f0  skills/seo-flow/references/prompts/local/prompt-generating-a-meta-description.md
7119d0f4feff2ca47f70c5f5a3233a435375018f7def24fb381819dbcb050c2a  skills/seo-flow/references/prompts/local/prompt-generating-a-title-tag.md
56009d894009e46b419638b9c921acfb415d59637603f353820418a6b8c8d7d2  skills/seo-flow/references/prompts/local/prompt-rewriting-existing-homepage.md
8bbd3586a766ee1b99e1a9e1d0f382badff24cdd79feb9466180c0a141ff9272  skills/seo-flow/references/prompts/local/prompt-rewriting-existing-service-page.md
e3277b995bb8086a08dbc0df54ad4b8046655034b1736a773393f61213068ba1  skills/seo-flow/references/prompts/optimize/ai-detector-test-follow-up-prompt.md
b63e1cbfaa201a310e3a40d2b46737d782e0e7e3b2aef36ecf23e04eb72ece12  skills/seo-flow/references/prompts/optimize/ai-supporting-pages-rewrite-prompt.md
5447156fc487ae7babfec1940cfde5bcf2bcf87ff74deb205c3da307e594a2c0  skills/seo-flow/references/prompts/optimize/basic-prompt.md
57554e2cc0e3feedd74e568564865222466eab2949f43543cbda9f81b5251e71  skills/seo-flow/references/prompts/optimize/blog-post-outline-prompt.md
2a88242f3bb6bfdb0b59ebc31dedca8f49233c2898f69c4e03552f5276b56def  skills/seo-flow/references/prompts/optimize/blog-post-writing-prompt.md
2108dd08ff6def95ba7419ee74a02b1c0361de6b8ea32d6ac233ffbfa00639d6  skills/seo-flow/references/prompts/optimize/claude-prompt-1.md
bef9b43dcae1fef5ccd167d1288aab03b480974cf956eeaa0e08b9f4d1a7af4c  skills/seo-flow/references/prompts/optimize/claude-prompt-2.md
9c063d2b02c58c05dbc91c20c89d547159a29a8eb0845158186f01e1039226d3  skills/seo-flow/references/prompts/optimize/ctr-audit-prompt.md
9082ac003a20fdadea5d708df5555be336522e3606f3586f63e8d2e82dcb2004  skills/seo-flow/references/prompts/optimize/follow-up-prompt-1.md
4a51ad9503497b707b75d72a124b6d1ca08f4b42e58bf748c1efd2e4380b6067  skills/seo-flow/references/prompts/optimize/follow-up-prompt-2.md
19da8676c3289d2d3db87f64711655049ce8475026257d67290ea0fb74d70eae  skills/seo-flow/references/prompts/optimize/follow-up-prompt.md
9fb80e8ff2f7d50ef41252651ca41cb9afeadd065da6f08a99b253faee45ba82  skills/seo-flow/references/prompts/optimize/paa-question-rewording-prompt.md
723c4788ab3210b06775996b5c0e9248e609c971aabba40baefb3182f6b83fcf  skills/seo-flow/references/prompts/optimize/prompt-core-30-content-audit.md
48f820830a927c15cf07fe6cdc338fda5324550a289f6f4dc87457ae25662022  skills/seo-flow/references/prompts/optimize/property-content-with-authority-audit-prompt.md
458c525ba9b6a2a4676653b9f0612cb85536d60467cd7bb6bc266a9e0af3f6b5  skills/seo-flow/references/prompts/optimize/reddit-claude-prompt.md
76f1eb88d867639f66bee45ee345e854035d0b7ee0ec405fdfa6c89d329ed698  skills/seo-flow/references/prompts/optimize/schema-prompt-1.md
07e15e70367212c98d87e5fdeb16591c1796791c5ce57e524fe851d04c68d7bf  skills/seo-flow/references/prompts/optimize/step-1-the-chatgpt-discovery-prompt.md
30ed7db70812fe35714825ba38922c89c3b08011829e46c212b8d04ef9478351  skills/seo-flow/references/prompts/optimize/step-2-the-follow-up-qualifying-prompt.md
5e3cf749678f0767de345bf32ba3bd5ec94e2b2e4ba8650445be9a8a461c9020  skills/seo-flow/references/prompts/optimize/technical-audit-prompt.md
c68c84b02cbbd3a8d8ed257e77b2629a13d576ac91501da38a58ade3983a58cb  skills/seo-flow/references/prompts/optimize/visibility-follow-up-prompt.md
434748eaa3d81f81ae32d831f51169521359b3356ab0c98f4c32283e07723427  skills/seo-flow/references/prompts/optimize/visiblity-prompt.md
7509bd19fffe1440e366519f868779dd19935d748f1a783ab2a59a0a0d38d06f  skills/seo-flow/references/prompts/win/bofu-page-brief-generator.md
a8a23c41a58b643b06f54df6325302f4a338fd44d30c35f7ef2e8b370d139041  skills/seo-flow/references/prompts/win/conversion-audit-prompt.md
8a0198bdaf7a58bec46ad57012c213969e51d6cb97180ef8a4079874c8a1a022  skills/seo-flow/references/prompts/win/dual-surface-content-scorecard.md
